// !$*UTF8*$!
{
	archiveVersion = 1;
	classes = {
	};
	objectVersion = 46;
	objects = {

/* Begin PBXBuildFile section */
		DE040E321DF4E35000EC1FF9 /* MonsterImage.swift in Sources */ = {isa = PBXBuildFile; fileRef = DE040E311DF4E35000EC1FF9 /* MonsterImage.swift */; };
		DE040E391DF4FDCE00EC1FF9 /* cave-music.mp3 in Resources */ = {isa = PBXBuildFile; fileRef = DE040E341DF4FDCE00EC1FF9 /* cave-music.mp3 */; };
		DE040E3A1DF4FDCE00EC1FF9 /* bite.wav in Resources */ = {isa = PBXBuildFile; fileRef = DE040E351DF4FDCE00EC1FF9 /* bite.wav */; };
		DE040E3B1DF4FDCE00EC1FF9 /* death.wav in Resources */ = {isa = PBXBuildFile; fileRef = DE040E361DF4FDCE00EC1FF9 /* death.wav */; };
		DE040E3C1DF4FDCE00EC1FF9 /* heart.wav in Resources */ = {isa = PBXBuildFile; fileRef = DE040E371DF4FDCE00EC1FF9 /* heart.wav */; };
		DE040E3D1DF4FDCE00EC1FF9 /* skull.wav in Resources */ = {isa = PBXBuildFile; fileRef = DE040E381DF4FDCE00EC1FF9 /* skull.wav */; };
		DE6E0C7A1DF39BBD007B0976 /* AppDelegate.swift in Sources */ = {isa = PBXBuildFile; fileRef = DE6E0C791DF39BBD007B0976 /* AppDelegate.swift */; };
		DE6E0C7C1DF39BBD007B0976 /* ViewController.swift in Sources */ = {isa = PBXBuildFile; fileRef = DE6E0C7B1DF39BBD007B0976 /* ViewController.swift */; };
		DE6E0C7F1DF39BBD007B0976 /* Main.storyboard in Resources */ = {isa = PBXBuildFile; fileRef = DE6E0C7D1DF39BBD007B0976 /* Main.storyboard */; };
		DE6E0C811DF39BBD007B0976 /* Assets.xcassets in Resources */ = {isa = PBXBuildFile; fileRef = DE6E0C801DF39BBD007B0976 /* Assets.xcassets */; };
		DE6E0C841DF39BBD007B0976 /* LaunchScreen.storyboard in Resources */ = {isa = PBXBuildFile; fileRef = DE6E0C821DF39BBD007B0976 /* LaunchScreen.storyboard */; };
		DE6E0C8C1DF3AD3B007B0976 /* DragImage.swift in Sources */ = {isa = PBXBuildFile; fileRef = DE6E0C8B1DF3AD3B007B0976 /* DragImage.swift */; };
/* End PBXBuildFile section */

/* Begin PBXFileReference section */
		DE040E311DF4E35000EC1FF9 /* MonsterImage.swift */ = {isa = PBXFileReference; fileEncoding = 4; lastKnownFileType = sourcecode.swift; path = MonsterImage.swift; sourceTree = "<group>"; };
		DE040E341DF4FDCE00EC1FF9 /* cave-music.mp3 */ = {isa = PBXFileReference; lastKnownFileType = audio.mp3; path = "cave-music.mp3"; sourceTree = "<group>"; };
		DE040E351DF4FDCE00EC1FF9 /* bite.wav */ = {isa = PBXFileReference; lastKnownFileType = audio.wav; path = bite.wav; sourceTree = "<group>"; };
		DE040E361DF4FDCE00EC1FF9 /* death.wav */ = {isa = PBXFileReference; lastKnownFileType = audio.wav; path = death.wav; sourceTree = "<group>"; };
		DE040E371DF4FDCE00EC1FF9 /* heart.wav */ = {isa = PBXFileReference; lastKnownFileType = audio.wav; path = heart.wav; sourceTree = "<group>"; };
		DE040E381DF4FDCE00EC1FF9 /* skull.wav */ = {isa = PBXFileReference; lastKnownFileType = audio.wav; path = skull.wav; sourceTree = "<group>"; };
		DE6E0C761DF39BBD007B0976 /* My Little Monster.app */ = {isa = PBXFileReference; explicitFileType = wrapper.application; includeInIndex = 0; path = "My Little Monster.app"; sourceTree = BUILT_PRODUCTS_DIR; };
		DE6E0C791DF39BBD007B0976 /* AppDelegate.swift */ = {isa = PBXFileReference; lastKnownFileType = sourcecode.swift; path = AppDelegate.swift; sourceTree = "<group>"; };
		DE6E0C7B1DF39BBD007B0976 /* ViewController.swift */ = {isa = PBXFileReference; lastKnownFileType = sourcecode.swift; path = ViewController.swift; sourceTree = "<group>"; };
		DE6E0C7E1DF39BBD007B0976 /* Base */ = {isa = PBXFileReference; lastKnownFileType = file.storyboard; name = Base; path = Base.lproj/Main.storyboard; sourceTree = "<group>"; };
		DE6E0C801DF39BBD007B0976 /* Assets.xcassets */ = {isa = PBXFileReference; lastKnownFileType = folder.assetcatalog; path = Assets.xcassets; sourceTree = "<group>"; };
		DE6E0C831DF39BBD007B0976 /* Base */ = {isa = PBXFileReference; lastKnownFileType = file.storyboard; name = Base; path = Base.lproj/LaunchScreen.storyboard; sourceTree = "<group>"; };
		DE6E0C851DF39BBD007B0976 /* Info.plist */ = {isa = PBXFileReference; lastKnownFileType = text.plist.xml; path = Info.plist; sourceTree = "<group>"; };
		DE6E0C8B1DF3AD3B007B0976 /* DragImage.swift */ = {isa = PBXFileReference; fileEncoding = 4; lastKnownFileType = sourcecode.swift; path = DragImage.swift; sourceTree = "<group>"; };
/* End PBXFileReference section */

/* Begin PBXFrameworksBuildPhase section */
		DE6E0C731DF39BBC007B0976 /* Frameworks */ = {
			isa = PBXFrameworksBuildPhase;
			buildActionMask = 2147483647;
			files = (
			);
			runOnlyForDeploymentPostprocessing = 0;
		};
/* End PBXFrameworksBuildPhase section */

/* Begin PBXGroup section */
		DE040E331DF4FDAC00EC1FF9 /* support files */ = {
			isa = PBXGroup;
			children = (
				DE040E341DF4FDCE00EC1FF9 /* cave-music.mp3 */,
				DE040E351DF4FDCE00EC1FF9 /* bite.wav */,
				DE040E361DF4FDCE00EC1FF9 /* death.wav */,
				DE040E371DF4FDCE00EC1FF9 /* heart.wav */,
				DE040E381DF4FDCE00EC1FF9 /* skull.wav */,
			);
			name = "support files";
			sourceTree = "<group>";
		};
		DE6E0C6D1DF39BBC007B0976 = {
			isa = PBXGroup;
			children = (
				DE6E0C781DF39BBD007B0976 /* My Little Monster */,
				DE6E0C771DF39BBD007B0976 /* Products */,
			);
			sourceTree = "<group>";
		};
		DE6E0C771DF39BBD007B0976 /* Products */ = {
			isa = PBXGroup;
			children = (
				DE6E0C761DF39BBD007B0976 /* My Little Monster.app */,
			);
			name = Products;
			sourceTree = "<group>";
		};
		DE6E0C781DF39BBD007B0976 /* My Little Monster */ = {
			isa = PBXGroup;
			children = (
				DE040E331DF4FDAC00EC1FF9 /* support files */,
				DE6E0C791DF39BBD007B0976 /* AppDelegate.swift */,
				DE6E0C7B1DF39BBD007B0976 /* ViewController.swift */,
				DE6E0C7D1DF39BBD007B0976 /* Main.storyboard */,
				DE6E0C801DF39BBD007B0976 /* Assets.xcassets */,
				DE6E0C821DF39BBD007B0976 /* LaunchScreen.storyboard */,
				DE6E0C851DF39BBD007B0976 /* Info.plist */,
				DE6E0C8B1DF3AD3B007B0976 /* DragImage.swift */,
				DE040E311DF4E35000EC1FF9 /* MonsterImage.swift */,
			);
			path = "My Little Monster";
			sourceTree = "<group>";
		};
/* End PBXGroup section */

/* Begin PBXNativeTarget section */
		DE6E0C751DF39BBC007B0976 /* My Little Monster */ = {
			isa = PBXNativeTarget;
			buildConfigurationList = DE6E0C881DF39BBD007B0976 /* Build configuration list for PBXNativeTarget "My Little Monster" */;
			buildPhases = (
				DE6E0C721DF39BBC007B0976 /* Sources */,
				DE6E0C731DF39BBC007B0976 /* Frameworks */,
				DE6E0C741DF39BBC007B0976 /* Resources */,
			);
			buildRules = (
			);
			dependencies = (
			);
			name = "My Little Monster";
			productName = "My Little Monster";
			productReference = DE6E0C761DF39BBD007B0976 /* My Little Monster.app */;
			productType = "com.apple.product-type.application";
		};
/* End PBXNativeTarget section */

/* Begin PBXProject section */
		DE6E0C6E1DF39BBC007B0976 /* Project object */ = {
			isa = PBXProject;
			attributes = {
				LastSwiftUpdateCheck = 0810;
				LastUpgradeCheck = 0810;
				ORGANIZATIONNAME = "Eduardo Chiaro";
				TargetAttributes = {
					DE6E0C751DF39BBC007B0976 = {
						CreatedOnToolsVersion = 8.1;
						DevelopmentTeam = E5SWLPU3LR;
						ProvisioningStyle = Automatic;
					};
				};
			};
			buildConfigurationList = DE6E0C711DF39BBC007B0976 /* Build configuration list for PBXProject "My Little Monster" */;
			compatibilityVersion = "Xcode 3.2";
			developmentRegion = English;
			hasScannedForEncodings = 0;
			knownRegions = (
				en,
				Base,
			);
			mainGroup = DE6E0C6D1DF39BBC007B0976;
			productRefGroup = DE6E0C771DF39BBD007B0976 /* Products */;
			projectDirPath = "";
			projectRoot = "";
			targets = (
				DE6E0C751DF39BBC007B0976 /* My Little Monster */,
			);
		};
/* End PBXProject section */

/* Begin PBXResourcesBuildPhase section */
		DE6E0C741DF39BBC007B0976 /* Resources */ = {
			isa = PBXResourcesBuildPhase;
			buildActionMask = 2147483647;
			files = (
				DE040E3D1DF4FDCE00EC1FF9 /* skull.wav in Resources */,
				DE040E3A1DF4FDCE00EC1FF9 /* bite.wav in Resources */,
				DE040E3B1DF4FDCE00EC1FF9 /* death.wav in Resources */,
				DE040E3C1DF4FDCE00EC1FF9 /* heart.wav in Resources */,
				DE6E0C841DF39BBD007B0976 /* LaunchScreen.storyboard in Resources */,
				DE040E391DF4FDCE00EC1FF9 /* cave-music.mp3 in Resources */,
				DE6E0C811DF39BBD007B0976 /* Assets.xcassets in Resources */,
				DE6E0C7F1DF39BBD007B0976 /* Main.storyboard in Resources */,
			);
			runOnlyForDeploymentPostprocessing = 0;
		};
/* End PBXResourcesBuildPhase section */

/* Begin PBXSourcesBuildPhase section */
		DE6E0C721DF39BBC007B0976 /* Sources */ = {
			isa = PBXSourcesBuildPhase;
			buildActionMask = 2147483647;
			files = (
				DE040E321DF4E35000EC1FF9 /* MonsterImage.swift in Sources */,
				DE6E0C7C1DF39BBD007B0976 /* ViewController.swift in Sources */,
				DE6E0C8C1DF3AD3B007B0976 /* DragImage.swift in Sources */,
				DE6E0C7A1DF39BBD007B0976 /* AppDelegate.swift in Sources */,
			);
			runOnlyForDeploymentPostprocessing = 0;
		};
/* End PBXSourcesBuildPhase section */

/* Begin PBXVariantGroup section */
		DE6E0C7D1DF39BBD007B0976 /* Main.storyboard */ = {
			isa = PBXVariantGroup;
			children = (
				DE6E0C7E1DF39BBD007B0976 /* Base */,
			);
			name = Main.storyboard;
			sourceTree = "<group>";
		};
		DE6E0C821DF39BBD007B0976 /* LaunchScreen.storyboard */ = {
			isa = PBXVariantGroup;
			children = (
				DE6E0C831DF39BBD007B0976 /* Base */,
			);
			name = LaunchScreen.storyboard;
			sourceTree = "<group>";
		};
/* End PBXVariantGroup section */

/* Begin XCBuildConfiguration section */
		DE6E0C861DF39BBD007B0976 /* Debug */ = {
			isa = XCBuildConfiguration;
			buildSettings = {
				ALWAYS_SEARCH_USER_PATHS = NO;
				CLANG_ANALYZER_NONNULL = YES;
				CLANG_CXX_LANGUAGE_STANDARD = "gnu++0x";
				CLANG_CXX_LIBRARY = "libc++";
				CLANG_ENABLE_MODULES = YES;
				CLANG_ENABLE_OBJC_ARC = YES;
				CLANG_WARN_BOOL_CONVERSION = YES;
				CLANG_WARN_CONSTANT_CONVERSION = YES;
				CLANG_WARN_DIRECT_OBJC_ISA_USAGE = YES_ERROR;
				CLANG_WARN_DOCUMENTATION_COMMENTS = YES;
				CLANG_WARN_EMPTY_BODY = YES;
				CLANG_WARN_ENUM_CONVERSION = YES;
				CLANG_WARN_INFINITE_RECURSION = YES;
				CLANG_WARN_INT_CONVERSION = YES;
				CLANG_WARN_OBJC_ROOT_CLASS = YES_ERROR;
				CLANG_WARN_SUSPICIOUS_MOVES = YES;
				CLANG_WARN_UNREACHABLE_CODE = YES;
				CLANG_WARN__DUPLICATE_METHOD_MATCH = YES;
				"CODE_SIGN_IDENTITY[sdk=iphoneos*]" = "iPhone Developer";
				COPY_PHASE_STRIP = NO;
				DEBUG_INFORMATION_FORMAT = dwarf;
				ENABLE_STRICT_OBJC_MSGSEND = YES;
				ENABLE_TESTABILITY = YES;
				GCC_C_LANGUAGE_STANDARD = gnu99;
				GCC_DYNAMIC_NO_PIC = NO;
				GCC_NO_COMMON_BLOCKS = YES;
				GCC_OPTIMIZATION_LEVEL = 0;
				GCC_PREPROCESSOR_DEFINITIONS = (
					"DEBUG=1",
					"$(inherited)",
				);
				GCC_WARN_64_TO_32_BIT_CONVERSION = YES;
				GCC_WARN_ABOUT_RETURN_TYPE = YES_ERROR;
				GCC_WARN_UNDECLARED_SELECTOR = YES;
				GCC_WARN_UNINITIALIZED_AUTOS = YES_AGGRESSIVE;
				GCC_WARN_UNUSED_FUNCTION = YES;
				GCC_WARN_UNUSED_VARIABLE = YES;
				IPHONEOS_DEPLOYMENT_TARGET = 10.1;
				MTL_ENABLE_DEBUG_INFO = YES;
				ONLY_ACTIVE_ARCH = YES;
				SDKROOT = iphoneos;
				SWIFT_ACTIVE_COMPILATION_CONDITIONS = DEBUG;
				SWIFT_OPTIMIZATION_LEVEL = "-Onone";
				TARGETED_DEVICE_FAMILY = "1,2";
			};
			name = Debug;
		};
		DE6E0C871DF39BBD007B0976 /* Release */ = {
			isa = XCBuildConfiguration;
			buildSettings = {
				ALWAYS_SEARCH_USER_PATHS = NO;
				CLANG_ANALYZER_NONNULL = YES;
				CLANG_CXX_LANGUAGE_STANDARD = "gnu++0x";
				CLANG_CXX_LIBRARY = "libc++";
				CLANG_ENABLE_MODULES = YES;
				CLANG_ENABLE_OBJC_ARC = YES;
				CLANG_WARN_BOOL_CONVERSION = YES;
				CLANG_WARN_CONSTANT_CONVERSION = YES;
				CLANG_WARN_DIRECT_OBJC_ISA_USAGE = YES_ERROR;
				CLANG_WARN_DOCUMENTATION_COMMENTS = YES;
				CLANG_WARN_EMPTY_BODY = YES;
				CLANG_WARN_ENUM_CONVERSION = YES;
				CLANG_WARN_INFINITE_RECURSION = YES;
				CLANG_WARN_INT_CONVERSION = YES;
				CLANG_WARN_OBJC_ROOT_CLASS = YES_ERROR;
				CLANG_WARN_SUSPICIOUS_MOVES = YES;
				CLANG_WARN_UNREACHABLE_CODE = YES;
				CLANG_WARN__DUPLICATE_METHOD_MATCH = YES;
				"CODE_SIGN_IDENTITY[sdk=iphoneos*]" = "iPhone Developer";
				COPY_PHASE_STRIP = NO;
				DEBUG_INFORMATION_FORMAT = "dwarf-with-dsym";
				ENABLE_NS_ASSERTIONS = NO;
				ENABLE_STRICT_OBJC_MSGSEND = YES;
				GCC_C_LANGUAGE_STANDARD = gnu99;
				GCC_NO_COMMON_BLOCKS = YES;
				GCC_WARN_64_TO_32_BIT_CONVERSION = YES;
				GCC_WARN_ABOUT_RETURN_TYPE = YES_ERROR;
				GCC_WARN_UNDECLARED_SELECTOR = YES;
				GCC_WARN_UNINITIALIZED_AUTOS = YES_AGGRESSIVE;
				GCC_WARN_UNUSED_FUNCTION = YES;
				GCC_WARN_UNUSED_VARIABLE = YES;
				IPHONEOS_DEPLOYMENT_TARGET = 10.1;
				MTL_ENABLE_DEBUG_INFO = NO;
				SDKROOT = iphoneos;
				SWIFT_OPTIMIZATION_LEVEL = "-Owholemodule";
				TARGETED_DEVICE_FAMILY = "1,2";
				VALIDATE_PRODUCT = YES;
			};
			name = Release;
		};
		DE6E0C891DF39BBD007B0976 /* Debug */ = {
			isa = XCBuildConfiguration;
			buildSettings = {
				ASSETCATALOG_COMPILER_APPICON_NAME = AppIcon;
				ASSETCATALOG_COMPILER_LAUNCHIMAGE_NAME = LaunchImage;
				DEVELOPMENT_TEAM = E5SWLPU3LR;
				INFOPLIST_FILE = "My Little Monster/Info.plist";
				LD_RUNPATH_SEARCH_PATHS = "$(inherited) @executable_path/Frameworks";
				PRODUCT_BUNDLE_IDENTIFIER = "eduardochiaro.My-Little-Monster";
				PRODUCT_NAME = "$(TARGET_NAME)";
				SWIFT_VERSION = 3.0;
			};
			name = Debug;
		};
		DE6E0C8A1DF39BBD007B0976 /* Release */ = {
			isa = XCBuildConfiguration;
			buildSettings = {
				ASSETCATALOG_COMPILER_APPICON_NAME = AppIcon;
				ASSETCATALOG_COMPILER_LAUNCHIMAGE_NAME = LaunchImage;
				DEVELOPMENT_TEAM = E5SWLPU3LR;
				INFOPLIST_FILE = "My Little Monster/Info.plist";
				LD_RUNPATH_SEARCH_PATHS = "$(inherited) @executable_path/Frameworks";
				PRODUCT_BUNDLE_IDENTIFIER = "eduardochiaro.My-Little-Monster";
				PRODUCT_NAME = "$(TARGET_NAME)";
				SWIFT_VERSION = 3.0;
			};
			name = Release;
		};
/* End XCBuildConfiguration section */

/* Begin XCConfigurationList section */
		DE6E0C711DF39BBC007B0976 /* Build configuration list for PBXProject "My Little Monster" */ = {
			isa = XCConfigurationList;
			buildConfigurations = (
				DE6E0C861DF39BBD007B0976 /* Debug */,
				DE6E0C871DF39BBD007B0976 /* Release */,
			);
			defaultConfigurationIsVisible = 0;
			defaultConfigurationName = Release;
		};
		DE6E0C881DF39BBD007B0976 /* Build configuration list for PBXNativeTarget "My Little Monster" */ = {
			isa = XCConfigurationList;
			buildConfigurations = (
				DE6E0C891DF39BBD007B0976 /* Debug */,
				DE6E0C8A1DF39BBD007B0976 /* Release */,
			);
			defaultConfigurationIsVisible = 0;
			defaultConfigurationName = Release;
		};
/* End XCConfigurationList section */
	};
	rootObject = DE6E0C6E1DF39BBC007B0976 /* Project object */;
}
